{
  "name": "shopizer-documentation",
  "version": "3.2.0",
  "lockfileVersion": 2,
  "requires": true,
  "packages": {
    "": {
      "name": "shopizer-documentation",
      "version": "3.2.0",
      "license": "Apache 2",
      "devDependencies": {
        "sass": "^1.52.3",
        "vitepress": "^1.0.0-alpha.2",
        "vue": "^3.2.37"
      }
    },
    "node_modules/@algolia/autocomplete-core": {
      "version": "1.6.3",
      "dev": true,
      "license": "MIT",
      "dependencies": {
        "@algolia/autocomplete-shared": "1.6.3"
      }
    },
    "node_modules/@algolia/autocomplete-shared": {
      "version": "1.6.3",
      "dev": true,
      "license": "MIT"
    },
    "node_modules/@algolia/cache-browser-local-storage": {
      "version": "4.13.1",
      "dev": true,
      "license": "MIT",
      "dependencies": {
        "@algolia/cache-common": "4.13.1"
      }
    },
    "node_modules/@algolia/cache-common": {
      "version": "4.13.1",
      "dev": true,
      "license": "MIT"
    },
    "node_modules/@algolia/cache-in-memory": {
      "version": "4.13.1",
      "dev": true,
      "license": "MIT",
      "dependencies": {
        "@algolia/cache-common": "4.13.1"
      }
    },
    "node_modules/@algolia/client-account": {
      "version": "4.13.1",
      "dev": true,
      "license": "MIT",
      "dependencies": {
        "@algolia/client-common": "4.13.1",
        "@algolia/client-search": "4.13.1",
        "@algolia/transporter": "4.13.1"
      }
    },
    "node_modules/@algolia/client-analytics": {
      "version": "4.13.1",
      "dev": true,
      "license": "MIT",
      "dependencies": {
        "@algolia/client-common": "4.13.1",
        "@algolia/client-search": "4.13.1",
        "@algolia/requester-common": "4.13.1",
        "@algolia/transporter": "4.13.1"
      }
    },
    "node_modules/@algolia/client-common": {
      "version": "4.13.1",
      "dev": true,
      "license": "MIT",
      "dependencies": {
        "@algolia/requester-common": "4.13.1",
        "@algolia/transporter": "4.13.1"
      }
    },
    "node_modules/@algolia/client-personalization": {
      "version": "4.13.1",
      "dev": true,
      "license": "MIT",
      "dependencies": {
        "@algolia/client-common": "4.13.1",
        "@algolia/requester-common": "4.13.1",
        "@algolia/transporter": "4.13.1"
      }
    },
    "node_modules/@algolia/client-search": {
      "version": "4.13.1",
      "dev": true,
      "license": "MIT",
      "dependencies": {
        "@algolia/client-common": "4.13.1",
        "@algolia/requester-common": "4.13.1",
        "@algolia/transporter": "4.13.1"
      }
    },
    "node_modules/@algolia/logger-common": {
      "version": "4.13.1",
      "dev": true,
      "license": "MIT"
    },
    "node_modules/@algolia/logger-console": {
      "version": "4.13.1",
      "dev": true,
      "license": "MIT",
      "dependencies": {
        "@algolia/logger-common": "4.13.1"
      }
    },
    "node_modules/@algolia/requester-browser-xhr": {
      "version": "4.13.1",
      "dev": true,
      "license": "MIT",
      "dependencies": {
        "@algolia/requester-common": "4.13.1"
      }
    },
    "node_modules/@algolia/requester-common": {
      "version": "4.13.1",
      "dev": true,
      "license": "MIT"
    },
    "node_modules/@algolia/requester-node-http": {
      "version": "4.13.1",
      "dev": true,
      "license": "MIT",
      "dependencies": {
        "@algolia/requester-common": "4.13.1"
      }
    },
    "node_modules/@algolia/transporter": {
      "version": "4.13.1",
      "dev": true,
      "license": "MIT",
      "dependencies": {
        "@algolia/cache-common": "4.13.1",
        "@algolia/logger-common": "4.13.1",
        "@algolia/requester-common": "4.13.1"
      }
    },
    "node_modules/@babel/parser": {
      "version": "7.18.5",
      "dev": true,
      "license": "MIT",
      "bin": {
        "parser": "bin/babel-parser.js"
      },
      "engines": {
        "node": ">=6.0.0"
      }
    },
    "node_modules/@docsearch/css": {
      "version": "3.1.0",
      "dev": true,
      "license": "MIT"
    },
    "node_modules/@docsearch/js": {
      "version": "3.1.0",
      "dev": true,
      "license": "MIT",
      "dependencies": {
        "@docsearch/react": "3.1.0",
        "preact": "^10.0.0"
      }
    },
    "node_modules/@docsearch/react": {
      "version": "3.1.0",
      "dev": true,
      "license": "MIT",
      "dependencies": {
        "@algolia/autocomplete-core": "1.6.3",
        "@docsearch/css": "3.1.0",
        "algoliasearch": "^4.0.0"
      },
      "peerDependencies": {
        "@types/react": ">= 16.8.0 < 19.0.0",
        "react": ">= 16.8.0 < 19.0.0",
        "react-dom": ">= 16.8.0 < 19.0.0"
      }
    },
    "node_modules/@vitejs/plugin-vue": {
      "version": "2.3.3",
      "dev": true,
      "license": "MIT",
      "engines": {
        "node": ">=12.0.0"
      },
      "peerDependencies": {
        "vite": "^2.5.10",
        "vue": "^3.2.25"
      }
    },
    "node_modules/@vue/compiler-core": {
      "version": "3.2.37",
      "dev": true,
      "license": "MIT",
      "dependencies": {
        "@babel/parser": "^7.16.4",
        "@vue/shared": "3.2.37",
        "estree-walker": "^2.0.2",
        "source-map": "^0.6.1"
      }
    },
    "node_modules/@vue/compiler-dom": {
      "version": "3.2.37",
      "dev": true,
      "license": "MIT",
      "dependencies": {
        "@vue/compiler-core": "3.2.37",
        "@vue/shared": "3.2.37"
      }
    },
    "node_modules/@vue/compiler-sfc": {
      "version": "3.2.37",
      "dev": true,
      "license": "MIT",
      "dependencies": {
        "@babel/parser": "^7.16.4",
        "@vue/compiler-core": "3.2.37",
        "@vue/compiler-dom": "3.2.37",
        "@vue/compiler-ssr": "3.2.37",
        "@vue/reactivity-transform": "3.2.37",
        "@vue/shared": "3.2.37",
        "estree-walker": "^2.0.2",
        "magic-string": "^0.25.7",
        "postcss": "^8.1.10",
        "source-map": "^0.6.1"
      }
    },
    "node_modules/@vue/compiler-ssr": {
      "version": "3.2.37",
      "dev": true,
      "license": "MIT",
      "dependencies": {
        "@vue/compiler-dom": "3.2.37",
        "@vue/shared": "3.2.37"
      }
    },
    "node_modules/@vue/devtools-api": {
      "version": "6.1.4",
      "dev": true,
      "license": "MIT"
    },
    "node_modules/@vue/reactivity": {
      "version": "3.2.37",
      "dev": true,
      "license": "MIT",
      "dependencies": {
        "@vue/shared": "3.2.37"
      }
    },
    "node_modules/@vue/reactivity-transform": {
      "version": "3.2.37",
      "dev": true,
      "license": "MIT",
      "dependencies": {
        "@babel/parser": "^7.16.4",
        "@vue/compiler-core": "3.2.37",
        "@vue/shared": "3.2.37",
        "estree-walker": "^2.0.2",
        "magic-string": "^0.25.7"
      }
    },
    "node_modules/@vue/runtime-core": {
      "version": "3.2.37",
      "dev": true,
      "license": "MIT",
      "dependencies": {
        "@vue/reactivity": "3.2.37",
        "@vue/shared": "3.2.37"
      }
    },
    "node_modules/@vue/runtime-dom": {
      "version": "3.2.37",
      "dev": true,
      "license": "MIT",
      "dependencies": {
        "@vue/runtime-core": "3.2.37",
        "@vue/shared": "3.2.37",
        "csstype": "^2.6.8"
      }
    },
    "node_modules/@vue/server-renderer": {
      "version": "3.2.37",
      "dev": true,
      "license": "MIT",
      "dependencies": {
        "@vue/compiler-ssr": "3.2.37",
        "@vue/shared": "3.2.37"
      },
      "peerDependencies": {
        "vue": "3.2.37"
      }
    },
    "node_modules/@vue/shared": {
      "version": "3.2.37",
      "dev": true,
      "license": "MIT"
    },
    "node_modules/@vueuse/core": {
      "version": "8.7.3",
      "dev": true,
      "license": "MIT",
      "dependencies": {
        "@vueuse/metadata": "8.7.3",
        "@vueuse/shared": "8.7.3",
        "vue-demi": "*"
      },
      "funding": {
        "url": "https://github.com/sponsors/antfu"
      },
      "peerDependencies": {
        "@vue/composition-api": "^1.1.0",
        "vue": "^2.6.0 || ^3.2.0"
      },
      "peerDependenciesMeta": {
        "@vue/composition-api": {
          "optional": true
        },
        "vue": {
          "optional": true
        }
      }
    },
    "node_modules/@vueuse/metadata": {
      "version": "8.7.3",
      "dev": true,
      "license": "MIT",
      "funding": {
        "url": "https://github.com/sponsors/antfu"
      }
    },
    "node_modules/@vueuse/shared": {
      "version": "8.7.3",
      "dev": true,
      "license": "MIT",
      "dependencies": {
        "vue-demi": "*"
      },
      "funding": {
        "url": "https://github.com/sponsors/antfu"
      },
      "peerDependencies": {
        "@vue/composition-api": "^1.1.0",
        "vue": "^2.6.0 || ^3.2.0"
      },
      "peerDependenciesMeta": {
        "@vue/composition-api": {
          "optional": true
        },
        "vue": {
          "optional": true
        }
      }
    },
    "node_modules/algoliasearch": {
      "version": "4.13.1",
      "dev": true,
      "license": "MIT",
      "dependencies": {
        "@algolia/cache-browser-local-storage": "4.13.1",
        "@algolia/cache-common": "4.13.1",
        "@algolia/cache-in-memory": "4.13.1",
        "@algolia/client-account": "4.13.1",
        "@algolia/client-analytics": "4.13.1",
        "@algolia/client-common": "4.13.1",
        "@algolia/client-personalization": "4.13.1",
        "@algolia/client-search": "4.13.1",
        "@algolia/logger-common": "4.13.1",
        "@algolia/logger-console": "4.13.1",
        "@algolia/requester-browser-xhr": "4.13.1",
        "@algolia/requester-common": "4.13.1",
        "@algolia/requester-node-http": "4.13.1",
        "@algolia/transporter": "4.13.1"
      }
    },
    "node_modules/anymatch": {
      "version": "3.1.2",
      "resolved": "https://registry.npmjs.org/anymatch/-/anymatch-3.1.2.tgz",
      "integrity": "sha512-P43ePfOAIupkguHUycrc4qJ9kz8ZiuOUijaETwX7THt0Y/GNK7v0aa8rY816xWjZ7rJdA5XdMcpVFTKMq+RvWg==",
      "dev": true,
      "dependencies": {
        "normalize-path": "^3.0.0",
        "picomatch": "^2.0.4"
      },
      "engines": {
        "node": ">= 8"
      }
    },
    "node_modules/binary-extensions": {
      "version": "2.2.0",
      "resolved": "https://registry.npmjs.org/binary-extensions/-/binary-extensions-2.2.0.tgz",
      "integrity": "sha512-jDctJ/IVQbZoJykoeHbhXpOlNBqGNcwXJKJog42E5HDPUwQTSdjCHdihjj0DlnheQ7blbT6dHOafNAiS8ooQKA==",
      "dev": true,
      "engines": {
        "node": ">=8"
      }
    },
    "node_modules/body-scroll-lock": {
      "version": "4.0.0-beta.0",
      "dev": true,
      "license": "MIT"
    },
    "node_modules/braces": {
      "version": "3.0.2",
      "resolved": "https://registry.npmjs.org/braces/-/braces-3.0.2.tgz",
      "integrity": "sha512-b8um+L1RzM3WDSzvhm6gIz1yfTbBt6YTlcEKAvsmqCZZFw46z626lVj9j1yEPW33H5H+lBQpZMP1k8l+78Ha0A==",
      "dev": true,
      "dependencies": {
        "fill-range": "^7.0.1"
      },
      "engines": {
        "node": ">=8"
      }
    },
    "node_modules/chokidar": {
      "version": "3.5.3",
      "resolved": "https://registry.npmjs.org/chokidar/-/chokidar-3.5.3.tgz",
      "integrity": "sha512-Dr3sfKRP6oTcjf2JmUmFJfeVMvXBdegxB0iVQ5eb2V10uFJUCAS8OByZdVAyVb8xXNz3GjjTgj9kLWsZTqE6kw==",
      "dev": true,
      "funding": [
        {
          "type": "individual",
          "url": "https://paulmillr.com/funding/"
        }
      ],
      "dependencies": {
        "anymatch": "~3.1.2",
        "braces": "~3.0.2",
        "glob-parent": "~5.1.2",
        "is-binary-path": "~2.1.0",
        "is-glob": "~4.0.1",
        "normalize-path": "~3.0.0",
        "readdirp": "~3.6.0"
      },
      "engines": {
        "node": ">= 8.10.0"
      },
      "optionalDependencies": {
        "fsevents": "~2.3.2"
      }
    },
    "node_modules/csstype": {
      "version": "2.6.20",
      "dev": true,
      "license": "MIT"
    },
    "node_modules/esbuild": {
      "version": "0.14.44",
      "dev": true,
      "hasInstallScript": true,
      "license": "MIT",
      "bin": {
        "esbuild": "bin/esbuild"
      },
      "engines": {
        "node": ">=12"
      },
      "optionalDependencies": {
        "esbuild-android-64": "0.14.44",
        "esbuild-android-arm64": "0.14.44",
        "esbuild-darwin-64": "0.14.44",
        "esbuild-darwin-arm64": "0.14.44",
        "esbuild-freebsd-64": "0.14.44",
        "esbuild-freebsd-arm64": "0.14.44",
        "esbuild-linux-32": "0.14.44",
        "esbuild-linux-64": "0.14.44",
        "esbuild-linux-arm": "0.14.44",
        "esbuild-linux-arm64": "0.14.44",
        "esbuild-linux-mips64le": "0.14.44",
        "esbuild-linux-ppc64le": "0.14.44",
        "esbuild-linux-riscv64": "0.14.44",
        "esbuild-linux-s390x": "0.14.44",
        "esbuild-netbsd-64": "0.14.44",
        "esbuild-openbsd-64": "0.14.44",
        "esbuild-sunos-64": "0.14.44",
        "esbuild-windows-32": "0.14.44",
        "esbuild-windows-64": "0.14.44",
        "esbuild-windows-arm64": "0.14.44"
      }
    },
    "node_modules/esbuild-darwin-64": {
      "version": "0.14.44",
      "cpu": [
        "x64"
      ],
      "dev": true,
      "license": "MIT",
      "optional": true,
      "os": [
        "darwin"
      ],
      "engines": {
        "node": ">=12"
      }
    },
    "node_modules/estree-walker": {
      "version": "2.0.2",
      "dev": true,
      "license": "MIT"
    },
    "node_modules/fill-range": {
      "version": "7.0.1",
      "resolved": "https://registry.npmjs.org/fill-range/-/fill-range-7.0.1.tgz",
      "integrity": "sha512-qOo9F+dMUmC2Lcb4BbVvnKJxTPjCm+RRpe4gDuGrzkL7mEVl/djYSu2OdQ2Pa302N4oqkSg9ir6jaLWJ2USVpQ==",
      "dev": true,
      "dependencies": {
        "to-regex-range": "^5.0.1"
      },
      "engines": {
        "node": ">=8"
      }
    },
    "node_modules/fsevents": {
      "version": "2.3.2",
      "dev": true,
      "license": "MIT",
      "optional": true,
      "os": [
        "darwin"
      ],
      "engines": {
        "node": "^8.16.0 || ^10.6.0 || >=11.0.0"
      }
    },
    "node_modules/function-bind": {
      "version": "1.1.1",
      "dev": true,
      "license": "MIT"
    },
    "node_modules/glob-parent": {
      "version": "5.1.2",
      "resolved": "https://registry.npmjs.org/glob-parent/-/glob-parent-5.1.2.tgz",
      "integrity": "sha512-AOIgSQCepiJYwP3ARnGx+5VnTu2HBYdzbGP45eLw1vr3zB3vZLeyed1sC9hnbcOc9/SrMyM5RPQrkGz4aS9Zow==",
      "dev": true,
      "dependencies": {
        "is-glob": "^4.0.1"
      },
      "engines": {
        "node": ">= 6"
      }
    },
    "node_modules/has": {
      "version": "1.0.3",
      "dev": true,
      "license": "MIT",
      "dependencies": {
        "function-bind": "^1.1.1"
      },
      "engines": {
        "node": ">= 0.4.0"
      }
    },
    "node_modules/immutable": {
      "version": "4.1.0",
      "resolved": "https://registry.npmjs.org/immutable/-/immutable-4.1.0.tgz",
      "integrity": "sha512-oNkuqVTA8jqG1Q6c+UglTOD1xhC1BtjKI7XkCXRkZHrN5m18/XsnUp8Q89GkQO/z+0WjonSvl0FLhDYftp46nQ==",
      "dev": true
    },
    "node_modules/is-binary-path": {
      "version": "2.1.0",
      "resolved": "https://registry.npmjs.org/is-binary-path/-/is-binary-path-2.1.0.tgz",
      "integrity": "sha512-ZMERYes6pDydyuGidse7OsHxtbI7WVeUEozgR/g7rd0xUimYNlvZRE/K2MgZTjWy725IfelLeVcEM97mmtRGXw==",
      "dev": true,
      "dependencies": {
        "binary-extensions": "^2.0.0"
      },
      "engines": {
        "node": ">=8"
      }
    },
    "node_modules/is-core-module": {
      "version": "2.9.0",
      "dev": true,
      "license": "MIT",
      "dependencies": {
        "has": "^1.0.3"
      },
      "funding": {
        "url": "https://github.com/sponsors/ljharb"
      }
    },
    "node_modules/is-extglob": {
      "version": "2.1.1",
      "resolved": "https://registry.npmjs.org/is-extglob/-/is-extglob-2.1.1.tgz",
      "integrity": "sha512-SbKbANkN603Vi4jEZv49LeVJMn4yGwsbzZworEoyEiutsN3nJYdbO36zfhGJ6QEDpOZIFkDtnq5JRxmvl3jsoQ==",
      "dev": true,
      "engines": {
        "node": ">=0.10.0"
      }
    },
    "node_modules/is-glob": {
      "version": "4.0.3",
      "resolved": "https://registry.npmjs.org/is-glob/-/is-glob-4.0.3.tgz",
      "integrity": "sha512-xelSayHH36ZgE7ZWhli7pW34hNbNl8Ojv5KVmkJD4hBdD3th8Tfk9vYasLM+mXWOZhFkgZfxhLSnrwRr4elSSg==",
      "dev": true,
      "dependencies": {
        "is-extglob": "^2.1.1"
      },
      "engines": {
        "node": ">=0.10.0"
      }
    },
    "node_modules/is-number": {
      "version": "7.0.0",
      "resolved": "https://registry.npmjs.org/is-number/-/is-number-7.0.0.tgz",
      "integrity": "sha512-41Cifkg6e8TylSpdtTpeLVMqvSBEVzTttHvERD741+pnZ8ANv0004MRL43QKPDlK9cGvNp6NZWZUBlbGXYxxng==",
      "dev": true,
      "engines": {
        "node": ">=0.12.0"
      }
    },
    "node_modules/jsonc-parser": {
      "version": "3.0.0",
      "dev": true,
      "license": "MIT"
    },
    "node_modules/magic-string": {
      "version": "0.25.9",
      "dev": true,
      "license": "MIT",
      "dependencies": {
        "sourcemap-codec": "^1.4.8"
      }
    },
    "node_modules/nanoid": {
      "version": "3.3.4",
      "dev": true,
      "license": "MIT",
      "bin": {
        "nanoid": "bin/nanoid.cjs"
      },
      "engines": {
        "node": "^10 || ^12 || ^13.7 || ^14 || >=15.0.1"
      }
    },
    "node_modules/normalize-path": {
      "version": "3.0.0",
      "resolved": "https://registry.npmjs.org/normalize-path/-/normalize-path-3.0.0.tgz",
      "integrity": "sha512-6eZs5Ls3WtCisHWp9S2GUy8dqkpGi4BVSz3GaqiE6ezub0512ESztXUwUB6C6IKbQkY2Pnb/mD4WYojCRwcwLA==",
      "dev": true,
      "engines": {
        "node": ">=0.10.0"
      }
    },
    "node_modules/path-parse": {
      "version": "1.0.7",
      "dev": true,
      "license": "MIT"
    },
    "node_modules/picocolors": {
      "version": "1.0.0",
      "dev": true,
      "license": "ISC"
    },
    "node_modules/picomatch": {
      "version": "2.3.1",
      "resolved": "https://registry.npmjs.org/picomatch/-/picomatch-2.3.1.tgz",
      "integrity": "sha512-JU3teHTNjmE2VCGFzuY8EXzCDVwEqB2a8fsIvwaStHhAWJEeVd1o1QD80CU6+ZdEXXSLbSsuLwJjkCBWqRQUVA==",
      "dev": true,
      "engines": {
        "node": ">=8.6"
      },
      "funding": {
        "url": "https://github.com/sponsors/jonschlinkert"
      }
    },
    "node_modules/postcss": {
      "version": "8.4.14",
      "dev": true,
      "funding": [
        {
          "type": "opencollective",
          "url": "https://opencollective.com/postcss/"
        },
        {
          "type": "tidelift",
          "url": "https://tidelift.com/funding/github/npm/postcss"
        }
      ],
      "license": "MIT",
      "dependencies": {
        "nanoid": "^3.3.4",
        "picocolors": "^1.0.0",
        "source-map-js": "^1.0.2"
      },
      "engines": {
        "node": "^10 || ^12 || >=14"
      }
    },
    "node_modules/preact": {
      "version": "10.8.0",
      "dev": true,
      "license": "MIT",
      "funding": {
        "type": "opencollective",
        "url": "https://opencollective.com/preact"
      }
    },
    "node_modules/readdirp": {
      "version": "3.6.0",
      "resolved": "https://registry.npmjs.org/readdirp/-/readdirp-3.6.0.tgz",
      "integrity": "sha512-hOS089on8RduqdbhvQ5Z37A0ESjsqz6qnRcffsMU3495FuTdqSm+7bhJ29JvIOsBDEEnan5DPu9t3To9VRlMzA==",
      "dev": true,
      "dependencies": {
        "picomatch": "^2.2.1"
      },
      "engines": {
        "node": ">=8.10.0"
      }
    },
    "node_modules/resolve": {
      "version": "1.22.0",
      "dev": true,
      "license": "MIT",
      "dependencies": {
        "is-core-module": "^2.8.1",
        "path-parse": "^1.0.7",
        "supports-preserve-symlinks-flag": "^1.0.0"
      },
      "bin": {
        "resolve": "bin/resolve"
      },
      "funding": {
        "url": "https://github.com/sponsors/ljharb"
      }
    },
    "node_modules/rollup": {
      "version": "2.75.6",
      "dev": true,
      "license": "MIT",
      "bin": {
        "rollup": "dist/bin/rollup"
      },
      "engines": {
        "node": ">=10.0.0"
      },
      "optionalDependencies": {
        "fsevents": "~2.3.2"
      }
    },
    "node_modules/sass": {
      "version": "1.52.3",
      "resolved": "https://registry.npmjs.org/sass/-/sass-1.52.3.tgz",
      "integrity": "sha512-LNNPJ9lafx+j1ArtA7GyEJm9eawXN8KlA1+5dF6IZyoONg1Tyo/g+muOsENWJH/2Q1FHbbV4UwliU0cXMa/VIA==",
      "dev": true,
      "dependencies": {
        "chokidar": ">=3.0.0 <4.0.0",
        "immutable": "^4.0.0",
        "source-map-js": ">=0.6.2 <2.0.0"
      },
      "bin": {
        "sass": "sass.js"
      },
      "engines": {
        "node": ">=12.0.0"
      }
    },
    "node_modules/shiki": {
      "version": "0.10.1",
      "dev": true,
      "license": "MIT",
      "dependencies": {
        "jsonc-parser": "^3.0.0",
        "vscode-oniguruma": "^1.6.1",
        "vscode-textmate": "5.2.0"
      }
    },
    "node_modules/source-map": {
      "version": "0.6.1",
      "dev": true,
      "license": "BSD-3-Clause",
      "engines": {
        "node": ">=0.10.0"
      }
    },
    "node_modules/source-map-js": {
      "version": "1.0.2",
      "dev": true,
      "license": "BSD-3-Clause",
      "engines": {
        "node": ">=0.10.0"
      }
    },
    "node_modules/sourcemap-codec": {
      "version": "1.4.8",
      "dev": true,
      "license": "MIT"
    },
    "node_modules/supports-preserve-symlinks-flag": {
      "version": "1.0.0",
      "dev": true,
      "license": "MIT",
      "engines": {
        "node": ">= 0.4"
      },
      "funding": {
        "url": "https://github.com/sponsors/ljharb"
      }
    },
    "node_modules/to-regex-range": {
      "version": "5.0.1",
      "resolved": "https://registry.npmjs.org/to-regex-range/-/to-regex-range-5.0.1.tgz",
      "integrity": "sha512-65P7iz6X5yEr1cwcgvQxbbIw7Uk3gOy5dIdtZ4rDveLqhrdJP+Li/Hx6tyK0NEb+2GCyneCMJiGqrADCSNk8sQ==",
      "dev": true,
      "dependencies": {
        "is-number": "^7.0.0"
      },
      "engines": {
        "node": ">=8.0"
      }
    },
    "node_modules/vite": {
      "version": "2.9.12",
      "dev": true,
      "license": "MIT",
      "dependencies": {
        "esbuild": "^0.14.27",
        "postcss": "^8.4.13",
        "resolve": "^1.22.0",
        "rollup": "^2.59.0"
      },
      "bin": {
        "vite": "bin/vite.js"
      },
      "engines": {
        "node": ">=12.2.0"
      },
      "optionalDependencies": {
        "fsevents": "~2.3.2"
      },
      "peerDependencies": {
        "less": "*",
        "sass": "*",
        "stylus": "*"
      },
      "peerDependenciesMeta": {
        "less": {
          "optional": true
        },
        "sass": {
          "optional": true
        },
        "stylus": {
          "optional": true
        }
      }
    },
    "node_modules/vitepress": {
      "version": "1.0.0-alpha.2",
      "dev": true,
      "license": "MIT",
      "dependencies": {
        "@docsearch/css": "^3.0.0",
        "@docsearch/js": "^3.0.0",
        "@vitejs/plugin-vue": "^2.3.2",
        "@vue/devtools-api": "^6.1.4",
        "@vueuse/core": "^8.5.0",
        "body-scroll-lock": "^4.0.0-beta.0",
        "shiki": "^0.10.1",
        "vite": "^2.9.7",
        "vue": "^3.2.33"
      },
      "bin": {
        "vitepress": "bin/vitepress.js"
      },
      "engines": {
        "node": ">=14.6.0"
      }
    },
    "node_modules/vscode-oniguruma": {
      "version": "1.6.2",
      "dev": true,
      "license": "MIT"
    },
    "node_modules/vscode-textmate": {
      "version": "5.2.0",
      "dev": true,
      "license": "MIT"
    },
    "node_modules/vue": {
      "version": "3.2.37",
      "dev": true,
      "license": "MIT",
      "dependencies": {
        "@vue/compiler-dom": "3.2.37",
        "@vue/compiler-sfc": "3.2.37",
        "@vue/runtime-dom": "3.2.37",
        "@vue/server-renderer": "3.2.37",
        "@vue/shared": "3.2.37"
      }
    },
    "node_modules/vue-demi": {
      "version": "0.13.1",
      "dev": true,
      "hasInstallScript": true,
      "license": "MIT",
      "bin": {
        "vue-demi-fix": "bin/vue-demi-fix.js",
        "vue-demi-switch": "bin/vue-demi-switch.js"
      },
      "engines": {
        "node": ">=12"
      },
      "funding": {
        "url": "https://github.com/sponsors/antfu"
      },
      "peerDependencies": {
        "@vue/composition-api": "^1.0.0-rc.1",
        "vue": "^3.0.0-0 || ^2.6.0"
      },
      "peerDependenciesMeta": {
        "@vue/composition-api": {
          "optional": true
        }
      }
    }
  },
  "dependencies": {
    "@algolia/autocomplete-core": {
      "version": "1.6.3",
      "dev": true,
      "requires": {
        "@algolia/autocomplete-shared": "1.6.3"
      }
    },
    "@algolia/autocomplete-shared": {
      "version": "1.6.3",
      "dev": true
    },
    "@algolia/cache-browser-local-storage": {
      "version": "4.13.1",
      "dev": true,
      "requires": {
        "@algolia/cache-common": "4.13.1"
      }
    },
    "@algolia/cache-common": {
      "version": "4.13.1",
      "dev": true
    },
    "@algolia/cache-in-memory": {
      "version": "4.13.1",
      "dev": true,
      "requires": {
        "@algolia/cache-common": "4.13.1"
      }
    },
    "@algolia/client-account": {
      "version": "4.13.1",
      "dev": true,
      "requires": {
        "@algolia/client-common": "4.13.1",
        "@algolia/client-search": "4.13.1",
        "@algolia/transporter": "4.13.1"
      }
    },
    "@algolia/client-analytics": {
      "version": "4.13.1",
      "dev": true,
      "requires": {
        "@algolia/client-common": "4.13.1",
        "@algolia/client-search": "4.13.1",
        "@algolia/requester-common": "4.13.1",
        "@algolia/transporter": "4.13.1"
      }
    },
    "@algolia/client-common": {
      "version": "4.13.1",
      "dev": true,
      "requires": {
        "@algolia/requester-common": "4.13.1",
        "@algolia/transporter": "4.13.1"
      }
    },
    "@algolia/client-personalization": {
      "version": "4.13.1",
      "dev": true,
      "requires": {
        "@algolia/client-common": "4.13.1",
        "@algolia/requester-common": "4.13.1",
        "@algolia/transporter": "4.13.1"
      }
    },
    "@algolia/client-search": {
      "version": "4.13.1",
      "dev": true,
      "requires": {
        "@algolia/client-common": "4.13.1",
        "@algolia/requester-common": "4.13.1",
        "@algolia/transporter": "4.13.1"
      }
    },
    "@algolia/logger-common": {
      "version": "4.13.1",
      "dev": true
    },
    "@algolia/logger-console": {
      "version": "4.13.1",
      "dev": true,
      "requires": {
        "@algolia/logger-common": "4.13.1"
      }
    },
    "@algolia/requester-browser-xhr": {
      "version": "4.13.1",
      "dev": true,
      "requires": {
        "@algolia/requester-common": "4.13.1"
      }
    },
    "@algolia/requester-common": {
      "version": "4.13.1",
      "dev": true
    },
    "@algolia/requester-node-http": {
      "version": "4.13.1",
      "dev": true,
      "requires": {
        "@algolia/requester-common": "4.13.1"
      }
    },
    "@algolia/transporter": {
      "version": "4.13.1",
      "dev": true,
      "requires": {
        "@algolia/cache-common": "4.13.1",
        "@algolia/logger-common": "4.13.1",
        "@algolia/requester-common": "4.13.1"
      }
    },
    "@babel/parser": {
      "version": "7.18.5",
      "dev": true
    },
    "@docsearch/css": {
      "version": "3.1.0",
      "dev": true
    },
    "@docsearch/js": {
      "version": "3.1.0",
      "dev": true,
      "requires": {
        "@docsearch/react": "3.1.0",
        "preact": "^10.0.0"
      }
    },
    "@docsearch/react": {
      "version": "3.1.0",
      "dev": true,
      "requires": {
        "@algolia/autocomplete-core": "1.6.3",
        "@docsearch/css": "3.1.0",
        "algoliasearch": "^4.0.0"
      }
    },
    "@vitejs/plugin-vue": {
      "version": "2.3.3",
      "dev": true,
      "requires": {}
    },
    "@vue/compiler-core": {
      "version": "3.2.37",
      "dev": true,
      "requires": {
        "@babel/parser": "^7.16.4",
        "@vue/shared": "3.2.37",
        "estree-walker": "^2.0.2",
        "source-map": "^0.6.1"
      }
    },
    "@vue/compiler-dom": {
      "version": "3.2.37",
      "dev": true,
      "requires": {
        "@vue/compiler-core": "3.2.37",
        "@vue/shared": "3.2.37"
      }
    },
    "@vue/compiler-sfc": {
      "version": "3.2.37",
      "dev": true,
      "requires": {
        "@babel/parser": "^7.16.4",
        "@vue/compiler-core": "3.2.37",
        "@vue/compiler-dom": "3.2.37",
        "@vue/compiler-ssr": "3.2.37",
        "@vue/reactivity-transform": "3.2.37",
        "@vue/shared": "3.2.37",
        "estree-walker": "^2.0.2",
        "magic-string": "^0.25.7",
        "postcss": "^8.1.10",
        "source-map": "^0.6.1"
      }
    },
    "@vue/compiler-ssr": {
      "version": "3.2.37",
      "dev": true,
      "requires": {
        "@vue/compiler-dom": "3.2.37",
        "@vue/shared": "3.2.37"
      }
    },
    "@vue/devtools-api": {
      "version": "6.1.4",
      "dev": true
    },
    "@vue/reactivity": {
      "version": "3.2.37",
      "dev": true,
      "requires": {
        "@vue/shared": "3.2.37"
      }
    },
    "@vue/reactivity-transform": {
      "version": "3.2.37",
      "dev": true,
      "requires": {
        "@babel/parser": "^7.16.4",
        "@vue/compiler-core": "3.2.37",
        "@vue/shared": "3.2.37",
        "estree-walker": "^2.0.2",
        "magic-string": "^0.25.7"
      }
    },
    "@vue/runtime-core": {
      "version": "3.2.37",
      "dev": true,
      "requires": {
        "@vue/reactivity": "3.2.37",
        "@vue/shared": "3.2.37"
      }
    },
    "@vue/runtime-dom": {
      "version": "3.2.37",
      "dev": true,
      "requires": {
        "@vue/runtime-core": "3.2.37",
        "@vue/shared": "3.2.37",
        "csstype": "^2.6.8"
      }
    },
    "@vue/server-renderer": {
      "version": "3.2.37",
      "dev": true,
      "requires": {
        "@vue/compiler-ssr": "3.2.37",
        "@vue/shared": "3.2.37"
      }
    },
    "@vue/shared": {
      "version": "3.2.37",
      "dev": true
    },
    "@vueuse/core": {
      "version": "8.7.3",
      "dev": true,
      "requires": {
        "@vueuse/metadata": "8.7.3",
        "@vueuse/shared": "8.7.3",
        "vue-demi": "*"
      }
    },
    "@vueuse/metadata": {
      "version": "8.7.3",
      "dev": true
    },
    "@vueuse/shared": {
      "version": "8.7.3",
      "dev": true,
      "requires": {
        "vue-demi": "*"
      }
    },
    "algoliasearch": {
      "version": "4.13.1",
      "dev": true,
      "requires": {
        "@algolia/cache-browser-local-storage": "4.13.1",
        "@algolia/cache-common": "4.13.1",
        "@algolia/cache-in-memory": "4.13.1",
        "@algolia/client-account": "4.13.1",
        "@algolia/client-analytics": "4.13.1",
        "@algolia/client-common": "4.13.1",
        "@algolia/client-personalization": "4.13.1",
        "@algolia/client-search": "4.13.1",
        "@algolia/logger-common": "4.13.1",
        "@algolia/logger-console": "4.13.1",
        "@algolia/requester-browser-xhr": "4.13.1",
        "@algolia/requester-common": "4.13.1",
        "@algolia/requester-node-http": "4.13.1",
        "@algolia/transporter": "4.13.1"
      }
    },
    "anymatch": {
      "version": "3.1.2",
      "resolved": "https://registry.npmjs.org/anymatch/-/anymatch-3.1.2.tgz",
      "integrity": "sha512-P43ePfOAIupkguHUycrc4qJ9kz8ZiuOUijaETwX7THt0Y/GNK7v0aa8rY816xWjZ7rJdA5XdMcpVFTKMq+RvWg==",
      "dev": true,
      "requires": {
        "normalize-path": "^3.0.0",
        "picomatch": "^2.0.4"
      }
    },
    "binary-extensions": {
      "version": "2.2.0",
      "resolved": "https://registry.npmjs.org/binary-extensions/-/binary-extensions-2.2.0.tgz",
      "integrity": "sha512-jDctJ/IVQbZoJykoeHbhXpOlNBqGNcwXJKJog42E5HDPUwQTSdjCHdihjj0DlnheQ7blbT6dHOafNAiS8ooQKA==",
      "dev": true
    },
    "body-scroll-lock": {
      "version": "4.0.0-beta.0",
      "dev": true
    },
    "braces": {
      "version": "3.0.2",
      "resolved": "https://registry.npmjs.org/braces/-/braces-3.0.2.tgz",
      "integrity": "sha512-b8um+L1RzM3WDSzvhm6gIz1yfTbBt6YTlcEKAvsmqCZZFw46z626lVj9j1yEPW33H5H+lBQpZMP1k8l+78Ha0A==",
      "dev": true,
      "requires": {
        "fill-range": "^7.0.1"
      }
    },
    "chokidar": {
      "version": "3.5.3",
      "resolved": "https://registry.npmjs.org/chokidar/-/chokidar-3.5.3.tgz",
      "integrity": "sha512-Dr3sfKRP6oTcjf2JmUmFJfeVMvXBdegxB0iVQ5eb2V10uFJUCAS8OByZdVAyVb8xXNz3GjjTgj9kLWsZTqE6kw==",
      "dev": true,
      "requires": {
        "anymatch": "~3.1.2",
        "braces": "~3.0.2",
        "fsevents": "~2.3.2",
        "glob-parent": "~5.1.2",
        "is-binary-path": "~2.1.0",
        "is-glob": "~4.0.1",
        "normalize-path": "~3.0.0",
        "readdirp": "~3.6.0"
      }
    },
    "csstype": {
      "version": "2.6.20",
      "dev": true
    },
    "esbuild": {
      "version": "0.14.44",
      "dev": true,
      "requires": {
        "esbuild-android-64": "0.14.44",
        "esbuild-android-arm64": "0.14.44",
        "esbuild-darwin-64": "0.14.44",
        "esbuild-darwin-arm64": "0.14.44",
        "esbuild-freebsd-64": "0.14.44",
        "esbuild-freebsd-arm64": "0.14.44",
        "esbuild-linux-32": "0.14.44",
        "esbuild-linux-64": "0.14.44",
        "esbuild-linux-arm": "0.14.44",
        "esbuild-linux-arm64": "0.14.44",
        "esbuild-linux-mips64le": "0.14.44",
        "esbuild-linux-ppc64le": "0.14.44",
        "esbuild-linux-riscv64": "0.14.44",
        "esbuild-linux-s390x": "0.14.44",
        "esbuild-netbsd-64": "0.14.44",
        "esbuild-openbsd-64": "0.14.44",
        "esbuild-sunos-64": "0.14.44",
        "esbuild-windows-32": "0.14.44",
        "esbuild-windows-64": "0.14.44",
        "esbuild-windows-arm64": "0.14.44"
      }
    },
    "esbuild-darwin-64": {
      "version": "0.14.44",
      "dev": true,
      "optional": true
    },
    "estree-walker": {
      "version": "2.0.2",
      "dev": true
    },
    "fill-range": {
      "version": "7.0.1",
      "resolved": "https://registry.npmjs.org/fill-range/-/fill-range-7.0.1.tgz",
      "integrity": "sha512-qOo9F+dMUmC2Lcb4BbVvnKJxTPjCm+RRpe4gDuGrzkL7mEVl/djYSu2OdQ2Pa302N4oqkSg9ir6jaLWJ2USVpQ==",
      "dev": true,
      "requires": {
        "to-regex-range": "^5.0.1"
      }
    },
    "fsevents": {
      "version": "2.3.2",
      "dev": true,
      "optional": true
    },
    "function-bind": {
      "version": "1.1.1",
      "dev": true
    },
    "glob-parent": {
      "version": "5.1.2",
      "resolved": "https://registry.npmjs.org/glob-parent/-/glob-parent-5.1.2.tgz",
      "integrity": "sha512-AOIgSQCepiJYwP3ARnGx+5VnTu2HBYdzbGP45eLw1vr3zB3vZLeyed1sC9hnbcOc9/SrMyM5RPQrkGz4aS9Zow==",
      "dev": true,
      "requires": {
        "is-glob": "^4.0.1"
      }
    },
    "has": {
      "version": "1.0.3",
      "dev": true,
      "requires": {
        "function-bind": "^1.1.1"
      }
    },
    "immutable": {
      "version": "4.1.0",
      "resolved": "https://registry.npmjs.org/immutable/-/immutable-4.1.0.tgz",
      "integrity": "sha512-oNkuqVTA8jqG1Q6c+UglTOD1xhC1BtjKI7XkCXRkZHrN5m18/XsnUp8Q89GkQO/z+0WjonSvl0FLhDYftp46nQ==",
      "dev": true
    },
    "is-binary-path": {
      "version": "2.1.0",
      "resolved": "https://registry.npmjs.org/is-binary-path/-/is-binary-path-2.1.0.tgz",
      "integrity": "sha512-ZMERYes6pDydyuGidse7OsHxtbI7WVeUEozgR/g7rd0xUimYNlvZRE/K2MgZTjWy725IfelLeVcEM97mmtRGXw==",
      "dev": true,
      "requires": {
        "binary-extensions": "^2.0.0"
      }
    },
    "is-core-module": {
      "version": "2.9.0",
      "dev": true,
      "requires": {
        "has": "^1.0.3"
      }
    },
    "is-extglob": {
      "version": "2.1.1",
      "resolved": "https://registry.npmjs.org/is-extglob/-/is-extglob-2.1.1.tgz",
      "integrity": "sha512-SbKbANkN603Vi4jEZv49LeVJMn4yGwsbzZworEoyEiutsN3nJYdbO36zfhGJ6QEDpOZIFkDtnq5JRxmvl3jsoQ==",
      "dev": true
    },
    "is-glob": {
      "version": "4.0.3",
      "resolved": "https://registry.npmjs.org/is-glob/-/is-glob-4.0.3.tgz",
      "integrity": "sha512-xelSayHH36ZgE7ZWhli7pW34hNbNl8Ojv5KVmkJD4hBdD3th8Tfk9vYasLM+mXWOZhFkgZfxhLSnrwRr4elSSg==",
      "dev": true,
      "requires": {
        "is-extglob": "^2.1.1"
      }
    },
    "is-number": {
      "version": "7.0.0",
      "resolved": "https://registry.npmjs.org/is-number/-/is-number-7.0.0.tgz",
      "integrity": "sha512-41Cifkg6e8TylSpdtTpeLVMqvSBEVzTttHvERD741+pnZ8ANv0004MRL43QKPDlK9cGvNp6NZWZUBlbGXYxxng==",
      "dev": true
    },
    "jsonc-parser": {
      "version": "3.0.0",
      "dev": true
    },
    "magic-string": {
      "version": "0.25.9",
      "dev": true,
      "requires": {
        "sourcemap-codec": "^1.4.8"
      }
    },
    "nanoid": {
      "version": "3.3.4",
      "dev": true
    },
    "normalize-path": {
      "version": "3.0.0",
      "resolved": "https://registry.npmjs.org/normalize-path/-/normalize-path-3.0.0.tgz",
      "integrity": "sha512-6eZs5Ls3WtCisHWp9S2GUy8dqkpGi4BVSz3GaqiE6ezub0512ESztXUwUB6C6IKbQkY2Pnb/mD4WYojCRwcwLA==",
      "dev": true
    },
    "path-parse": {
      "version": "1.0.7",
      "dev": true
    },
    "picocolors": {
      "version": "1.0.0",
      "dev": true
    },
    "picomatch": {
      "version": "2.3.1",
      "resolved": "https://registry.npmjs.org/picomatch/-/picomatch-2.3.1.tgz",
      "integrity": "sha512-JU3teHTNjmE2VCGFzuY8EXzCDVwEqB2a8fsIvwaStHhAWJEeVd1o1QD80CU6+ZdEXXSLbSsuLwJjkCBWqRQUVA==",
      "dev": true
    },
    "postcss": {
      "version": "8.4.14",
      "dev": true,
      "requires": {
        "nanoid": "^3.3.4",
        "picocolors": "^1.0.0",
        "source-map-js": "^1.0.2"
      }
    },
    "preact": {
      "version": "10.8.0",
      "dev": true
    },
    "readdirp": {
      "version": "3.6.0",
      "resolved": "https://registry.npmjs.org/readdirp/-/readdirp-3.6.0.tgz",
      "integrity": "sha512-hOS089on8RduqdbhvQ5Z37A0ESjsqz6qnRcffsMU3495FuTdqSm+7bhJ29JvIOsBDEEnan5DPu9t3To9VRlMzA==",
      "dev": true,
      "requires": {
        "picomatch": "^2.2.1"
      }
    },
    "resolve": {
      "version": "1.22.0",
      "dev": true,
      "requires": {
        "is-core-module": "^2.8.1",
        "path-parse": "^1.0.7",
        "supports-preserve-symlinks-flag": "^1.0.0"
      }
    },
    "rollup": {
      "version": "2.75.6",
      "dev": true,
      "requires": {
        "fsevents": "~2.3.2"
      }
    },
    "sass": {
      "version": "1.52.3",
      "resolved": "https://registry.npmjs.org/sass/-/sass-1.52.3.tgz",
      "integrity": "sha512-LNNPJ9lafx+j1ArtA7GyEJm9eawXN8KlA1+5dF6IZyoONg1Tyo/g+muOsENWJH/2Q1FHbbV4UwliU0cXMa/VIA==",
      "dev": true,
      "requires": {
        "chokidar": ">=3.0.0 <4.0.0",
        "immutable": "^4.0.0",
        "source-map-js": ">=0.6.2 <2.0.0"
      }
    },
    "shiki": {
      "version": "0.10.1",
      "dev": true,
      "requires": {
        "jsonc-parser": "^3.0.0",
        "vscode-oniguruma": "^1.6.1",
        "vscode-textmate": "5.2.0"
      }
    },
    "source-map": {
      "version": "0.6.1",
      "dev": true
    },
    "source-map-js": {
      "version": "1.0.2",
      "dev": true
    },
    "sourcemap-codec": {
      "version": "1.4.8",
      "dev": true
    },
    "supports-preserve-symlinks-flag": {
      "version": "1.0.0",
      "dev": true
    },
    "to-regex-range": {
      "version": "5.0.1",
      "resolved": "https://registry.npmjs.org/to-regex-range/-/to-regex-range-5.0.1.tgz",
      "integrity": "sha512-65P7iz6X5yEr1cwcgvQxbbIw7Uk3gOy5dIdtZ4rDveLqhrdJP+Li/Hx6tyK0NEb+2GCyneCMJiGqrADCSNk8sQ==",
      "dev": true,
      "requires": {
        "is-number": "^7.0.0"
      }
    },
    "vite": {
      "version": "2.9.12",
      "dev": true,
      "requires": {
        "esbuild": "^0.14.27",
        "fsevents": "~2.3.2",
        "postcss": "^8.4.13",
        "resolve": "^1.22.0",
        "rollup": "^2.59.0"
      }
    },
    "vitepress": {
      "version": "1.0.0-alpha.2",
      "dev": true,
      "requires": {
        "@docsearch/css": "^3.0.0",
        "@docsearch/js": "^3.0.0",
        "@vitejs/plugin-vue": "^2.3.2",
        "@vue/devtools-api": "^6.1.4",
        "@vueuse/core": "^8.5.0",
        "body-scroll-lock": "^4.0.0-beta.0",
        "shiki": "^0.10.1",
        "vite": "^2.9.7",
        "vue": "^3.2.33"
      }
    },
    "vscode-oniguruma": {
      "version": "1.6.2",
      "dev": true
    },
    "vscode-textmate": {
      "version": "5.2.0",
      "dev": true
    },
    "vue": {
      "version": "3.2.37",
      "dev": true,
      "requires": {
        "@vue/compiler-dom": "3.2.37",
        "@vue/compiler-sfc": "3.2.37",
        "@vue/runtime-dom": "3.2.37",
        "@vue/server-renderer": "3.2.37",
        "@vue/shared": "3.2.37"
      }
    },
    "vue-demi": {
      "version": "0.13.1",
      "dev": true,
      "requires": {}
    }
  }
}
